// !$*UTF8*$!
{
	archiveVersion = 1;
	classes = {
	};
	objectVersion = 51;
	objects = {

/* Begin PBXBuildFile section */
		91AF32669DE4F3429B710BED /* Pods_CryptoParser.framework in Frameworks */ = {isa = PBXBuildFile; fileRef = 42473FC39A9BAFB17CF2767C /* Pods_CryptoParser.framework */; };
		A931BBF02420F98B00DD9124 /* DetailedModel.swift in Sources */ = {isa = PBXBuildFile; fileRef = A931BBEF2420F98B00DD9124 /* DetailedModel.swift */; };
		A95751B823FDB53B0092FA51 /* AppDelegate.swift in Sources */ = {isa = PBXBuildFile; fileRef = A95751B723FDB53B0092FA51 /* AppDelegate.swift */; };
		A95751BC23FDB53B0092FA51 /* ViewController.swift in Sources */ = {isa = PBXBuildFile; fileRef = A95751BB23FDB53B0092FA51 /* ViewController.swift */; };
		A95751BF23FDB53B0092FA51 /* Main.storyboard in Resources */ = {isa = PBXBuildFile; fileRef = A95751BD23FDB53B0092FA51 /* Main.storyboard */; };
		A95751C123FDB53D0092FA51 /* Assets.xcassets in Resources */ = {isa = PBXBuildFile; fileRef = A95751C023FDB53D0092FA51 /* Assets.xcassets */; };
		A95751C423FDB53D0092FA51 /* LaunchScreen.storyboard in Resources */ = {isa = PBXBuildFile; fileRef = A95751C223FDB53D0092FA51 /* LaunchScreen.storyboard */; };
		A95751D223FDC6110092FA51 /* CurrencyCustomTableViewCell.swift in Sources */ = {isa = PBXBuildFile; fileRef = A95751D023FDC6110092FA51 /* CurrencyCustomTableViewCell.swift */; };
		A95751D323FDC6110092FA51 /* CurrencyCustomTableViewCell.xib in Resources */ = {isa = PBXBuildFile; fileRef = A95751D123FDC6110092FA51 /* CurrencyCustomTableViewCell.xib */; };
		A95751D623FDCB770092FA51 /* Model.swift in Sources */ = {isa = PBXBuildFile; fileRef = A95751D523FDCB770092FA51 /* Model.swift */; };
		A95751DB23FDCD9B0092FA51 /* Networker.swift in Sources */ = {isa = PBXBuildFile; fileRef = A95751DA23FDCD9B0092FA51 /* Networker.swift */; };
		A95751DD23FDD2820092FA51 /* JSONModel.swift in Sources */ = {isa = PBXBuildFile; fileRef = A95751DC23FDD2820092FA51 /* JSONModel.swift */; };
		A95751E023FDD4E00092FA51 /* Kernel.swift in Sources */ = {isa = PBXBuildFile; fileRef = A95751DF23FDD4E00092FA51 /* Kernel.swift */; };
		A99720322416B08A00723F29 /* DetailedViewController.swift in Sources */ = {isa = PBXBuildFile; fileRef = A99720312416B08A00723F29 /* DetailedViewController.swift */; };
		A9B76D1C2402B92500B726DD /* AllCurrencyCustomCell.xib in Resources */ = {isa = PBXBuildFile; fileRef = A9B76D1B2402B92500B726DD /* AllCurrencyCustomCell.xib */; };
		A9B76D1E2402BA7A00B726DD /* AllCurrencyCustomCell.swift in Sources */ = {isa = PBXBuildFile; fileRef = A9B76D1D2402BA7A00B726DD /* AllCurrencyCustomCell.swift */; };
		A9B76D202402BB0700B726DD /* AllCurrencyViewController.swift in Sources */ = {isa = PBXBuildFile; fileRef = A9B76D1F2402BB0700B726DD /* AllCurrencyViewController.swift */; };
		A9B76D222402BE1A00B726DD /* AllCurrencyModel.swift in Sources */ = {isa = PBXBuildFile; fileRef = A9B76D212402BE1A00B726DD /* AllCurrencyModel.swift */; };
		A9CADE4B242F6F240075B4B9 /* Timestamp+Date.swift in Sources */ = {isa = PBXBuildFile; fileRef = A9CADE4A242F6F240075B4B9 /* Timestamp+Date.swift */; };
		A9F12E31241AB21C00D6A297 /* Formatter+Extensions.swift in Sources */ = {isa = PBXBuildFile; fileRef = A9F12E30241AB21C00D6A297 /* Formatter+Extensions.swift */; };
		A9F12E33241AB23E00D6A297 /* IntDouble+Formatter.swift in Sources */ = {isa = PBXBuildFile; fileRef = A9F12E32241AB23E00D6A297 /* IntDouble+Formatter.swift */; };
		A9F12E36241AB67400D6A297 /* ImageView+Network.swift in Sources */ = {isa = PBXBuildFile; fileRef = A9F12E35241AB67400D6A297 /* ImageView+Network.swift */; };
/* End PBXBuildFile section */

/* Begin PBXFileReference section */
		42473FC39A9BAFB17CF2767C /* Pods_CryptoParser.framework */ = {isa = PBXFileReference; explicitFileType = wrapper.framework; includeInIndex = 0; path = Pods_CryptoParser.framework; sourceTree = BUILT_PRODUCTS_DIR; };
		5C8E910D5F8AA8A87A9B60EC /* Pods-CryptoParser.debug.xcconfig */ = {isa = PBXFileReference; includeInIndex = 1; lastKnownFileType = text.xcconfig; name = "Pods-CryptoParser.debug.xcconfig"; path = "Target Support Files/Pods-CryptoParser/Pods-CryptoParser.debug.xcconfig"; sourceTree = "<group>"; };
		A931BBEF2420F98B00DD9124 /* DetailedModel.swift */ = {isa = PBXFileReference; lastKnownFileType = sourcecode.swift; path = DetailedModel.swift; sourceTree = "<group>"; };
		A95751B423FDB53B0092FA51 /* CryptoParser.app */ = {isa = PBXFileReference; explicitFileType = wrapper.application; includeInIndex = 0; path = CryptoParser.app; sourceTree = BUILT_PRODUCTS_DIR; };
		A95751B723FDB53B0092FA51 /* AppDelegate.swift */ = {isa = PBXFileReference; lastKnownFileType = sourcecode.swift; path = AppDelegate.swift; sourceTree = "<group>"; };
		A95751BB23FDB53B0092FA51 /* ViewController.swift */ = {isa = PBXFileReference; lastKnownFileType = sourcecode.swift; path = ViewController.swift; sourceTree = "<group>"; };
		A95751BE23FDB53B0092FA51 /* Base */ = {isa = PBXFileReference; lastKnownFileType = file.storyboard; name = Base; path = Base.lproj/Main.storyboard; sourceTree = "<group>"; };
		A95751C023FDB53D0092FA51 /* Assets.xcassets */ = {isa = PBXFileReference; lastKnownFileType = folder.assetcatalog; path = Assets.xcassets; sourceTree = "<group>"; };
		A95751C323FDB53D0092FA51 /* Base */ = {isa = PBXFileReference; lastKnownFileType = file.storyboard; name = Base; path = Base.lproj/LaunchScreen.storyboard; sourceTree = "<group>"; };
		A95751C523FDB53D0092FA51 /* Info.plist */ = {isa = PBXFileReference; lastKnownFileType = text.plist.xml; path = Info.plist; sourceTree = "<group>"; };
		A95751D023FDC6110092FA51 /* CurrencyCustomTableViewCell.swift */ = {isa = PBXFileReference; lastKnownFileType = sourcecode.swift; path = CurrencyCustomTableViewCell.swift; sourceTree = "<group>"; };
		A95751D123FDC6110092FA51 /* CurrencyCustomTableViewCell.xib */ = {isa = PBXFileReference; lastKnownFileType = file.xib; path = CurrencyCustomTableViewCell.xib; sourceTree = "<group>"; };
		A95751D523FDCB770092FA51 /* Model.swift */ = {isa = PBXFileReference; lastKnownFileType = sourcecode.swift; path = Model.swift; sourceTree = "<group>"; };
		A95751DA23FDCD9B0092FA51 /* Networker.swift */ = {isa = PBXFileReference; lastKnownFileType = sourcecode.swift; path = Networker.swift; sourceTree = "<group>"; };
		A95751DC23FDD2820092FA51 /* JSONModel.swift */ = {isa = PBXFileReference; lastKnownFileType = sourcecode.swift; path = JSONModel.swift; sourceTree = "<group>"; };
		A95751DF23FDD4E00092FA51 /* Kernel.swift */ = {isa = PBXFileReference; lastKnownFileType = sourcecode.swift; path = Kernel.swift; sourceTree = "<group>"; };
		A99720312416B08A00723F29 /* DetailedViewController.swift */ = {isa = PBXFileReference; lastKnownFileType = sourcecode.swift; path = DetailedViewController.swift; sourceTree = "<group>"; };
		A9B76D1B2402B92500B726DD /* AllCurrencyCustomCell.xib */ = {isa = PBXFileReference; lastKnownFileType = file.xib; path = AllCurrencyCustomCell.xib; sourceTree = "<group>"; };
		A9B76D1D2402BA7A00B726DD /* AllCurrencyCustomCell.swift */ = {isa = PBXFileReference; lastKnownFileType = sourcecode.swift; path = AllCurrencyCustomCell.swift; sourceTree = "<group>"; };
		A9B76D1F2402BB0700B726DD /* AllCurrencyViewController.swift */ = {isa = PBXFileReference; lastKnownFileType = sourcecode.swift; path = AllCurrencyViewController.swift; sourceTree = "<group>"; };
		A9B76D212402BE1A00B726DD /* AllCurrencyModel.swift */ = {isa = PBXFileReference; lastKnownFileType = sourcecode.swift; path = AllCurrencyModel.swift; sourceTree = "<group>"; };
		A9CADE4A242F6F240075B4B9 /* Timestamp+Date.swift */ = {isa = PBXFileReference; lastKnownFileType = sourcecode.swift; path = "Timestamp+Date.swift"; sourceTree = "<group>"; };
		A9F12E30241AB21C00D6A297 /* Formatter+Extensions.swift */ = {isa = PBXFileReference; lastKnownFileType = sourcecode.swift; path = "Formatter+Extensions.swift"; sourceTree = "<group>"; };
		A9F12E32241AB23E00D6A297 /* IntDouble+Formatter.swift */ = {isa = PBXFileReference; lastKnownFileType = sourcecode.swift; path = "IntDouble+Formatter.swift"; sourceTree = "<group>"; };
		A9F12E35241AB67400D6A297 /* ImageView+Network.swift */ = {isa = PBXFileReference; lastKnownFileType = sourcecode.swift; path = "ImageView+Network.swift"; sourceTree = "<group>"; };
		C1CCEE3480C62001086E8A95 /* Pods-CryptoParser.release.xcconfig */ = {isa = PBXFileReference; includeInIndex = 1; lastKnownFileType = text.xcconfig; name = "Pods-CryptoParser.release.xcconfig"; path = "Target Support Files/Pods-CryptoParser/Pods-CryptoParser.release.xcconfig"; sourceTree = "<group>"; };
/* End PBXFileReference section */

/* Begin PBXFrameworksBuildPhase section */
		A95751B123FDB53B0092FA51 /* Frameworks */ = {
			isa = PBXFrameworksBuildPhase;
			buildActionMask = 2147483647;
			files = (
				91AF32669DE4F3429B710BED /* Pods_CryptoParser.framework in Frameworks */,
			);
			runOnlyForDeploymentPostprocessing = 0;
		};
/* End PBXFrameworksBuildPhase section */

/* Begin PBXGroup section */
		427F37C9EF08E2C57FFA0476 /* Pods */ = {
			isa = PBXGroup;
			children = (
				5C8E910D5F8AA8A87A9B60EC /* Pods-CryptoParser.debug.xcconfig */,
				C1CCEE3480C62001086E8A95 /* Pods-CryptoParser.release.xcconfig */,
			);
			path = Pods;
			sourceTree = "<group>";
		};
		A95751AB23FDB53B0092FA51 = {
			isa = PBXGroup;
			children = (
				A95751B623FDB53B0092FA51 /* CryptoParser */,
				A95751B523FDB53B0092FA51 /* Products */,
				427F37C9EF08E2C57FFA0476 /* Pods */,
				E2EF594F1360C9B3CDDFD1F0 /* Frameworks */,
			);
			sourceTree = "<group>";
		};
		A95751B523FDB53B0092FA51 /* Products */ = {
			isa = PBXGroup;
			children = (
				A95751B423FDB53B0092FA51 /* CryptoParser.app */,
			);
			name = Products;
			sourceTree = "<group>";
		};
		A95751B623FDB53B0092FA51 /* CryptoParser */ = {
			isa = PBXGroup;
			children = (
				A95751CD23FDC3440092FA51 /* Controllers */,
				A95751CB23FDC3100092FA51 /* View */,
				A95751D723FDCB7F0092FA51 /* Model */,
				A95751DE23FDD3800092FA51 /* Service */,
				A95751CC23FDC31A0092FA51 /* Supporting Files */,
			);
			path = CryptoParser;
			sourceTree = "<group>";
		};
		A95751CB23FDC3100092FA51 /* View */ = {
			isa = PBXGroup;
			children = (
				A95751BD23FDB53B0092FA51 /* Main.storyboard */,
				A95751C223FDB53D0092FA51 /* LaunchScreen.storyboard */,
				A95751D423FDC77C0092FA51 /* Custom Cell */,
			);
			path = View;
			sourceTree = "<group>";
		};
		A95751CC23FDC31A0092FA51 /* Supporting Files */ = {
			isa = PBXGroup;
			children = (
				A95751C523FDB53D0092FA51 /* Info.plist */,
				A95751C023FDB53D0092FA51 /* Assets.xcassets */,
				A9F12E34241AB26200D6A297 /* Extensions */,
			);
			path = "Supporting Files";
			sourceTree = "<group>";
		};
		A95751CD23FDC3440092FA51 /* Controllers */ = {
			isa = PBXGroup;
			children = (
				A95751B723FDB53B0092FA51 /* AppDelegate.swift */,
				A95751BB23FDB53B0092FA51 /* ViewController.swift */,
				A9B76D1F2402BB0700B726DD /* AllCurrencyViewController.swift */,
				A99720312416B08A00723F29 /* DetailedViewController.swift */,
			);
			path = Controllers;
			sourceTree = "<group>";
		};
		A95751D423FDC77C0092FA51 /* Custom Cell */ = {
			isa = PBXGroup;
			children = (
				A95751D023FDC6110092FA51 /* CurrencyCustomTableViewCell.swift */,
				A95751D123FDC6110092FA51 /* CurrencyCustomTableViewCell.xib */,
				A9B76D1D2402BA7A00B726DD /* AllCurrencyCustomCell.swift */,
				A9B76D1B2402B92500B726DD /* AllCurrencyCustomCell.xib */,
			);
			path = "Custom Cell";
			sourceTree = "<group>";
		};
		A95751D723FDCB7F0092FA51 /* Model */ = {
			isa = PBXGroup;
			children = (
				A95751D523FDCB770092FA51 /* Model.swift */,
				A9B76D212402BE1A00B726DD /* AllCurrencyModel.swift */,
				A931BBEF2420F98B00DD9124 /* DetailedModel.swift */,
				A95751DC23FDD2820092FA51 /* JSONModel.swift */,
			);
			path = Model;
			sourceTree = "<group>";
		};
		A95751DE23FDD3800092FA51 /* Service */ = {
			isa = PBXGroup;
			children = (
				A95751DF23FDD4E00092FA51 /* Kernel.swift */,
				A95751DA23FDCD9B0092FA51 /* Networker.swift */,
			);
			path = Service;
			sourceTree = "<group>";
		};
		A9F12E34241AB26200D6A297 /* Extensions */ = {
			isa = PBXGroup;
			children = (
				A9CADE4A242F6F240075B4B9 /* Timestamp+Date.swift */,
				A9F12E30241AB21C00D6A297 /* Formatter+Extensions.swift */,
				A9F12E32241AB23E00D6A297 /* IntDouble+Formatter.swift */,
				A9F12E35241AB67400D6A297 /* ImageView+Network.swift */,
			);
			path = Extensions;
			sourceTree = "<group>";
		};
		E2EF594F1360C9B3CDDFD1F0 /* Frameworks */ = {
			isa = PBXGroup;
			children = (
				42473FC39A9BAFB17CF2767C /* Pods_CryptoParser.framework */,
			);
			name = Frameworks;
			sourceTree = "<group>";
		};
/* End PBXGroup section */

/* Begin PBXNativeTarget section */
		A95751B323FDB53B0092FA51 /* CryptoParser */ = {
			isa = PBXNativeTarget;
			buildConfigurationList = A95751C823FDB53D0092FA51 /* Build configuration list for PBXNativeTarget "CryptoParser" */;
			buildPhases = (
				78F82B0FB3918A8605622BA4 /* [CP] Check Pods Manifest.lock */,
				A95751B023FDB53B0092FA51 /* Sources */,
				A95751B123FDB53B0092FA51 /* Frameworks */,
				A95751B223FDB53B0092FA51 /* Resources */,
				7A2D161B49EC3FB6E2A06FE6 /* [CP] Embed Pods Frameworks */,
			);
			buildRules = (
			);
			dependencies = (
			);
			name = CryptoParser;
			productName = CryptoParser;
			productReference = A95751B423FDB53B0092FA51 /* CryptoParser.app */;
			productType = "com.apple.product-type.application";
		};
/* End PBXNativeTarget section */

/* Begin PBXProject section */
		A95751AC23FDB53B0092FA51 /* Project object */ = {
			isa = PBXProject;
			attributes = {
				LastSwiftUpdateCheck = 1130;
				LastUpgradeCheck = 1130;
				ORGANIZATIONNAME = "Anton Asetski";
				TargetAttributes = {
					A95751B323FDB53B0092FA51 = {
						CreatedOnToolsVersion = 11.3.1;
					};
				};
			};
			buildConfigurationList = A95751AF23FDB53B0092FA51 /* Build configuration list for PBXProject "CryptoParser" */;
			compatibilityVersion = "Xcode 9.3";
			developmentRegion = en;
			hasScannedForEncodings = 0;
			knownRegions = (
				en,
				Base,
			);
			mainGroup = A95751AB23FDB53B0092FA51;
			productRefGroup = A95751B523FDB53B0092FA51 /* Products */;
			projectDirPath = "";
			projectRoot = "";
			targets = (
				A95751B323FDB53B0092FA51 /* CryptoParser */,
			);
		};
/* End PBXProject section */

/* Begin PBXResourcesBuildPhase section */
		A95751B223FDB53B0092FA51 /* Resources */ = {
			isa = PBXResourcesBuildPhase;
			buildActionMask = 2147483647;
			files = (
				A95751D323FDC6110092FA51 /* CurrencyCustomTableViewCell.xib in Resources */,
				A9B76D1C2402B92500B726DD /* AllCurrencyCustomCell.xib in Resources */,
				A95751C423FDB53D0092FA51 /* LaunchScreen.storyboard in Resources */,
				A95751C123FDB53D0092FA51 /* Assets.xcassets in Resources */,
				A95751BF23FDB53B0092FA51 /* Main.storyboard in Resources */,
			);
			runOnlyForDeploymentPostprocessing = 0;
		};
/* End PBXResourcesBuildPhase section */

/* Begin PBXShellScriptBuildPhase section */
		78F82B0FB3918A8605622BA4 /* [CP] Check Pods Manifest.lock */ = {
			isa = PBXShellScriptBuildPhase;
			buildActionMask = 2147483647;
			files = (
			);
			inputFileListPaths = (
			);
			inputPaths = (
				"${PODS_PODFILE_DIR_PATH}/Podfile.lock",
				"${PODS_ROOT}/Manifest.lock",
			);
			name = "[CP] Check Pods Manifest.lock";
			outputFileListPaths = (
			);
			outputPaths = (
				"$(DERIVED_FILE_DIR)/Pods-CryptoParser-checkManifestLockResult.txt",
			);
			runOnlyForDeploymentPostprocessing = 0;
			shellPath = /bin/sh;
			shellScript = "diff \"${PODS_PODFILE_DIR_PATH}/Podfile.lock\" \"${PODS_ROOT}/Manifest.lock\" > /dev/null\nif [ $? != 0 ] ; then\n    # print error to STDERR\n    echo \"error: The sandbox is not in sync with the Podfile.lock. Run 'pod install' or update your CocoaPods installation.\" >&2\n    exit 1\nfi\n# This output is used by Xcode 'outputs' to avoid re-running this script phase.\necho \"SUCCESS\" > \"${SCRIPT_OUTPUT_FILE_0}\"\n";
			showEnvVarsInLog = 0;
		};
		7A2D161B49EC3FB6E2A06FE6 /* [CP] Embed Pods Frameworks */ = {
			isa = PBXShellScriptBuildPhase;
			buildActionMask = 2147483647;
			files = (
			);
			inputFileListPaths = (
				"${PODS_ROOT}/Target Support Files/Pods-CryptoParser/Pods-CryptoParser-frameworks-${CONFIGURATION}-input-files.xcfilelist",
			);
			name = "[CP] Embed Pods Frameworks";
			outputFileListPaths = (
				"${PODS_ROOT}/Target Support Files/Pods-CryptoParser/Pods-CryptoParser-frameworks-${CONFIGURATION}-output-files.xcfilelist",
			);
			runOnlyForDeploymentPostprocessing = 0;
			shellPath = /bin/sh;
			shellScript = "\"${PODS_ROOT}/Target Support Files/Pods-CryptoParser/Pods-CryptoParser-frameworks.sh\"\n";
			showEnvVarsInLog = 0;
		};
/* End PBXShellScriptBuildPhase section */

/* Begin PBXSourcesBuildPhase section */
		A95751B023FDB53B0092FA51 /* Sources */ = {
			isa = PBXSourcesBuildPhase;
			buildActionMask = 2147483647;
			files = (
				A9CADE4B242F6F240075B4B9 /* Timestamp+Date.swift in Sources */,
				A9B76D202402BB0700B726DD /* AllCurrencyViewController.swift in Sources */,
				A95751D223FDC6110092FA51 /* CurrencyCustomTableViewCell.swift in Sources */,
				A931BBF02420F98B00DD9124 /* DetailedModel.swift in Sources */,
				A95751E023FDD4E00092FA51 /* Kernel.swift in Sources */,
				A99720322416B08A00723F29 /* DetailedViewController.swift in Sources */,
				A95751BC23FDB53B0092FA51 /* ViewController.swift in Sources */,
				A9F12E33241AB23E00D6A297 /* IntDouble+Formatter.swift in Sources */,
				A9B76D222402BE1A00B726DD /* AllCurrencyModel.swift in Sources */,
				A95751B823FDB53B0092FA51 /* AppDelegate.swift in Sources */,
				A95751DD23FDD2820092FA51 /* JSONModel.swift in Sources */,
				A9F12E36241AB67400D6A297 /* ImageView+Network.swift in Sources */,
				A9F12E31241AB21C00D6A297 /* Formatter+Extensions.swift in Sources */,
				A9B76D1E2402BA7A00B726DD /* AllCurrencyCustomCell.swift in Sources */,
				A95751D623FDCB770092FA51 /* Model.swift in Sources */,
				A95751DB23FDCD9B0092FA51 /* Networker.swift in Sources */,
			);
			runOnlyForDeploymentPostprocessing = 0;
		};
/* End PBXSourcesBuildPhase section */

/* Begin PBXVariantGroup section */
		A95751BD23FDB53B0092FA51 /* Main.storyboard */ = {
			isa = PBXVariantGroup;
			children = (
				A95751BE23FDB53B0092FA51 /* Base */,
			);
			name = Main.storyboard;
			sourceTree = "<group>";
		};
		A95751C223FDB53D0092FA51 /* LaunchScreen.storyboard */ = {
			isa = PBXVariantGroup;
			children = (
				A95751C323FDB53D0092FA51 /* Base */,
			);
			name = LaunchScreen.storyboard;
			sourceTree = "<group>";
		};
/* End PBXVariantGroup section */

/* Begin XCBuildConfiguration section */
		A95751C623FDB53D0092FA51 /* Debug */ = {
			isa = XCBuildConfiguration;
			buildSettings = {
				ALWAYS_SEARCH_USER_PATHS = NO;
				CLANG_ANALYZER_NONNULL = YES;
				CLANG_ANALYZER_NUMBER_OBJECT_CONVERSION = YES_AGGRESSIVE;
				CLANG_CXX_LANGUAGE_STANDARD = "gnu++14";
				CLANG_CXX_LIBRARY = "libc++";
				CLANG_ENABLE_MODULES = YES;
				CLANG_ENABLE_OBJC_ARC = YES;
				CLANG_ENABLE_OBJC_WEAK = YES;
				CLANG_WARN_BLOCK_CAPTURE_AUTORELEASING = YES;
				CLANG_WARN_BOOL_CONVERSION = YES;
				CLANG_WARN_COMMA = YES;
				CLANG_WARN_CONSTANT_CONVERSION = YES;
				CLANG_WARN_DEPRECATED_OBJC_IMPLEMENTATIONS = YES;
				CLANG_WARN_DIRECT_OBJC_ISA_USAGE = YES_ERROR;
				CLANG_WARN_DOCUMENTATION_COMMENTS = YES;
				CLANG_WARN_EMPTY_BODY = YES;
				CLANG_WARN_ENUM_CONVERSION = YES;
				CLANG_WARN_INFINITE_RECURSION = YES;
				CLANG_WARN_INT_CONVERSION = YES;
				CLANG_WARN_NON_LITERAL_NULL_CONVERSION = YES;
				CLANG_WARN_OBJC_IMPLICIT_RETAIN_SELF = YES;
				CLANG_WARN_OBJC_LITERAL_CONVERSION = YES;
				CLANG_WARN_OBJC_ROOT_CLASS = YES_ERROR;
				CLANG_WARN_RANGE_LOOP_ANALYSIS = YES;
				CLANG_WARN_STRICT_PROTOTYPES = YES;
				CLANG_WARN_SUSPICIOUS_MOVE = YES;
				CLANG_WARN_UNGUARDED_AVAILABILITY = YES_AGGRESSIVE;
				CLANG_WARN_UNREACHABLE_CODE = YES;
				CLANG_WARN__DUPLICATE_METHOD_MATCH = YES;
				COPY_PHASE_STRIP = NO;
				DEBUG_INFORMATION_FORMAT = dwarf;
				ENABLE_STRICT_OBJC_MSGSEND = YES;
				ENABLE_TESTABILITY = YES;
				GCC_C_LANGUAGE_STANDARD = gnu11;
				GCC_DYNAMIC_NO_PIC = NO;
				GCC_NO_COMMON_BLOCKS = YES;
				GCC_OPTIMIZATION_LEVEL = 0;
				GCC_PREPROCESSOR_DEFINITIONS = (
					"DEBUG=1",
					"$(inherited)",
				);
				GCC_WARN_64_TO_32_BIT_CONVERSION = YES;
				GCC_WARN_ABOUT_RETURN_TYPE = YES_ERROR;
				GCC_WARN_UNDECLARED_SELECTOR = YES;
				GCC_WARN_UNINITIALIZED_AUTOS = YES_AGGRESSIVE;
				GCC_WARN_UNUSED_FUNCTION = YES;
				GCC_WARN_UNUSED_VARIABLE = YES;
				IPHONEOS_DEPLOYMENT_TARGET = 11.0;
				MTL_ENABLE_DEBUG_INFO = INCLUDE_SOURCE;
				MTL_FAST_MATH = YES;
				ONLY_ACTIVE_ARCH = YES;
				SDKROOT = iphoneos;
				SWIFT_ACTIVE_COMPILATION_CONDITIONS = DEBUG;
				SWIFT_OPTIMIZATION_LEVEL = "-Onone";
			};
			name = Debug;
		};
		A95751C723FDB53D0092FA51 /* Release */ = {
			isa = XCBuildConfiguration;
			buildSettings = {
				ALWAYS_SEARCH_USER_PATHS = NO;
				CLANG_ANALYZER_NONNULL = YES;
				CLANG_ANALYZER_NUMBER_OBJECT_CONVERSION = YES_AGGRESSIVE;
				CLANG_CXX_LANGUAGE_STANDARD = "gnu++14";
				CLANG_CXX_LIBRARY = "libc++";
				CLANG_ENABLE_MODULES = YES;
				CLANG_ENABLE_OBJC_ARC = YES;
				CLANG_ENABLE_OBJC_WEAK = YES;
				CLANG_WARN_BLOCK_CAPTURE_AUTORELEASING = YES;
				CLANG_WARN_BOOL_CONVERSION = YES;
				CLANG_WARN_COMMA = YES;
				CLANG_WARN_CONSTANT_CONVERSION = YES;
				CLANG_WARN_DEPRECATED_OBJC_IMPLEMENTATIONS = YES;
				CLANG_WARN_DIRECT_OBJC_ISA_USAGE = YES_ERROR;
				CLANG_WARN_DOCUMENTATION_COMMENTS = YES;
				CLANG_WARN_EMPTY_BODY = YES;
				CLANG_WARN_ENUM_CONVERSION = YES;
				CLANG_WARN_INFINITE_RECURSION = YES;
				CLANG_WARN_INT_CONVERSION = YES;
				CLANG_WARN_NON_LITERAL_NULL_CONVERSION = YES;
				CLANG_WARN_OBJC_IMPLICIT_RETAIN_SELF = YES;
				CLANG_WARN_OBJC_LITERAL_CONVERSION = YES;
				CLANG_WARN_OBJC_ROOT_CLASS = YES_ERROR;
				CLANG_WARN_RANGE_LOOP_ANALYSIS = YES;
				CLANG_WARN_STRICT_PROTOTYPES = YES;
				CLANG_WARN_SUSPICIOUS_MOVE = YES;
				CLANG_WARN_UNGUARDED_AVAILABILITY = YES_AGGRESSIVE;
				CLANG_WARN_UNREACHABLE_CODE = YES;
				CLANG_WARN__DUPLICATE_METHOD_MATCH = YES;
				COPY_PHASE_STRIP = NO;
				DEBUG_INFORMATION_FORMAT = "dwarf-with-dsym";
				ENABLE_NS_ASSERTIONS = NO;
				ENABLE_STRICT_OBJC_MSGSEND = YES;
				GCC_C_LANGUAGE_STANDARD = gnu11;
				GCC_NO_COMMON_BLOCKS = YES;
				GCC_WARN_64_TO_32_BIT_CONVERSION = YES;
				GCC_WARN_ABOUT_RETURN_TYPE = YES_ERROR;
				GCC_WARN_UNDECLARED_SELECTOR = YES;
				GCC_WARN_UNINITIALIZED_AUTOS = YES_AGGRESSIVE;
				GCC_WARN_UNUSED_FUNCTION = YES;
				GCC_WARN_UNUSED_VARIABLE = YES;
				IPHONEOS_DEPLOYMENT_TARGET = 11.0;
				MTL_ENABLE_DEBUG_INFO = NO;
				MTL_FAST_MATH = YES;
				SDKROOT = iphoneos;
				SWIFT_COMPILATION_MODE = wholemodule;
				SWIFT_OPTIMIZATION_LEVEL = "-O";
				VALIDATE_PRODUCT = YES;
			};
			name = Release;
		};
		A95751C923FDB53D0092FA51 /* Debug */ = {
			isa = XCBuildConfiguration;
			baseConfigurationReference = 5C8E910D5F8AA8A87A9B60EC /* Pods-CryptoParser.debug.xcconfig */;
			buildSettings = {
				ASSETCATALOG_COMPILER_APPICON_NAME = AppIcon;
				CODE_SIGN_STYLE = Automatic;
				DEVELOPMENT_TEAM = 9739Q97K2B;
				INFOPLIST_FILE = "CryptoParser/Supporting Files/Info.plist";
				IPHONEOS_DEPLOYMENT_TARGET = 11.0;
				LD_RUNPATH_SEARCH_PATHS = (
					"$(inherited)",
					"@executable_path/Frameworks",
				);
				PRODUCT_BUNDLE_IDENTIFIER = asd.CryptoParser;
				PRODUCT_NAME = "$(TARGET_NAME)";
				SWIFT_VERSION = 5.0;
				TARGETED_DEVICE_FAMILY = 1;
			};
			name = Debug;
		};
		A95751CA23FDB53D0092FA51 /* Release */ = {
			isa = XCBuildConfiguration;
			baseConfigurationReference = C1CCEE3480C62001086E8A95 /* Pods-CryptoParser.release.xcconfig */;
			buildSettings = {
				ASSETCATALOG_COMPILER_APPICON_NAME = AppIcon;
				CODE_SIGN_STYLE = Automatic;
				DEVELOPMENT_TEAM = 9739Q97K2B;
				INFOPLIST_FILE = "CryptoParser/Supporting Files/Info.plist";
				IPHONEOS_DEPLOYMENT_TARGET = 11.0;
				LD_RUNPATH_SEARCH_PATHS = (
					"$(inherited)",
					"@executable_path/Frameworks",
				);
				PRODUCT_BUNDLE_IDENTIFIER = asd.CryptoParser;
				PRODUCT_NAME = "$(TARGET_NAME)";
				SWIFT_VERSION = 5.0;
				TARGETED_DEVICE_FAMILY = 1;
			};
			name = Release;
		};
/* End XCBuildConfiguration section */

/* Begin XCConfigurationList section */
		A95751AF23FDB53B0092FA51 /* Build configuration list for PBXProject "CryptoParser" */ = {
			isa = XCConfigurationList;
			buildConfigurations = (
				A95751C623FDB53D0092FA51 /* Debug */,
				A95751C723FDB53D0092FA51 /* Release */,
			);
			defaultConfigurationIsVisible = 0;
			defaultConfigurationName = Release;
		};
		A95751C823FDB53D0092FA51 /* Build configuration list for PBXNativeTarget "CryptoParser" */ = {
			isa = XCConfigurationList;
			buildConfigurations = (
				A95751C923FDB53D0092FA51 /* Debug */,
				A95751CA23FDB53D0092FA51 /* Release */,
			);
			defaultConfigurationIsVisible = 0;
			defaultConfigurationName = Release;
		};
/* End XCConfigurationList section */
	};
	rootObject = A95751AC23FDB53B0092FA51 /* Project object */;
}
